// !$*UTF8*$!
{
	archiveVersion = 1;
	classes = {
	};
	objectVersion = 50;
	objects = {

/* Begin PBXBuildFile section */
		6F65462822BE15EA002241F8 /* AppDelegate.m in Sources */ = {isa = PBXBuildFile; fileRef = 6F65462722BE15EA002241F8 /* AppDelegate.m */; };
		6F65463022BE15EB002241F8 /* Assets.xcassets in Resources */ = {isa = PBXBuildFile; fileRef = 6F65462F22BE15EB002241F8 /* Assets.xcassets */; };
		6F65463322BE15EB002241F8 /* LaunchScreen.storyboard in Resources */ = {isa = PBXBuildFile; fileRef = 6F65463122BE15EB002241F8 /* LaunchScreen.storyboard */; };
		6F65463622BE15EB002241F8 /* main.m in Sources */ = {isa = PBXBuildFile; fileRef = 6F65463522BE15EB002241F8 /* main.m */; };
		6F65464422BF8661002241F8 /* ZWTabViewController.m in Sources */ = {isa = PBXBuildFile; fileRef = 6F65464222BF8661002241F8 /* ZWTabViewController.m */; };
		6F65464522BF8661002241F8 /* ZWTabViewController.xib in Resources */ = {isa = PBXBuildFile; fileRef = 6F65464322BF8661002241F8 /* ZWTabViewController.xib */; };
		6F65464822BF872C002241F8 /* ZWNavViewController.m in Sources */ = {isa = PBXBuildFile; fileRef = 6F65464722BF872C002241F8 /* ZWNavViewController.m */; };
		6F65464C22BF878F002241F8 /* FirstViewController.m in Sources */ = {isa = PBXBuildFile; fileRef = 6F65464A22BF878F002241F8 /* FirstViewController.m */; };
		6F65464D22BF878F002241F8 /* FirstViewController.xib in Resources */ = {isa = PBXBuildFile; fileRef = 6F65464B22BF878F002241F8 /* FirstViewController.xib */; };
		6F65465122BF8B45002241F8 /* SecondTableViewController.m in Sources */ = {isa = PBXBuildFile; fileRef = 6F65464F22BF8B45002241F8 /* SecondTableViewController.m */; };
		6F65465222BF8B45002241F8 /* SecondTableViewController.xib in Resources */ = {isa = PBXBuildFile; fileRef = 6F65465022BF8B45002241F8 /* SecondTableViewController.xib */; };
		6F65465622BF8B7B002241F8 /* ThirdViewController.m in Sources */ = {isa = PBXBuildFile; fileRef = 6F65465422BF8B7B002241F8 /* ThirdViewController.m */; };
		6F65465722BF8B7B002241F8 /* ThirdViewController.xib in Resources */ = {isa = PBXBuildFile; fileRef = 6F65465522BF8B7B002241F8 /* ThirdViewController.xib */; };
/* End PBXBuildFile section */

/* Begin PBXFileReference section */
		6F65462322BE15EA002241F8 /* NewProject.app */ = {isa = PBXFileReference; explicitFileType = wrapper.application; includeInIndex = 0; path = NewProject.app; sourceTree = BUILT_PRODUCTS_DIR; };
		6F65462622BE15EA002241F8 /* AppDelegate.h */ = {isa = PBXFileReference; lastKnownFileType = sourcecode.c.h; path = AppDelegate.h; sourceTree = "<group>"; };
		6F65462722BE15EA002241F8 /* AppDelegate.m */ = {isa = PBXFileReference; lastKnownFileType = sourcecode.c.objc; path = AppDelegate.m; sourceTree = "<group>"; };
		6F65462F22BE15EB002241F8 /* Assets.xcassets */ = {isa = PBXFileReference; lastKnownFileType = folder.assetcatalog; path = Assets.xcassets; sourceTree = "<group>"; };
		6F65463222BE15EB002241F8 /* Base */ = {isa = PBXFileReference; lastKnownFileType = file.storyboard; name = Base; path = Base.lproj/LaunchScreen.storyboard; sourceTree = "<group>"; };
		6F65463422BE15EB002241F8 /* Info.plist */ = {isa = PBXFileReference; lastKnownFileType = text.plist.xml; path = Info.plist; sourceTree = "<group>"; };
		6F65463522BE15EB002241F8 /* main.m */ = {isa = PBXFileReference; lastKnownFileType = sourcecode.c.objc; path = main.m; sourceTree = "<group>"; };
		6F65464122BF8661002241F8 /* ZWTabViewController.h */ = {isa = PBXFileReference; lastKnownFileType = sourcecode.c.h; path = ZWTabViewController.h; sourceTree = "<group>"; };
		6F65464222BF8661002241F8 /* ZWTabViewController.m */ = {isa = PBXFileReference; lastKnownFileType = sourcecode.c.objc; path = ZWTabViewController.m; sourceTree = "<group>"; };
		6F65464322BF8661002241F8 /* ZWTabViewController.xib */ = {isa = PBXFileReference; lastKnownFileType = file.xib; path = ZWTabViewController.xib; sourceTree = "<group>"; };
		6F65464622BF872C002241F8 /* ZWNavViewController.h */ = {isa = PBXFileReference; lastKnownFileType = sourcecode.c.h; path = ZWNavViewController.h; sourceTree = "<group>"; };
		6F65464722BF872C002241F8 /* ZWNavViewController.m */ = {isa = PBXFileReference; lastKnownFileType = sourcecode.c.objc; path = ZWNavViewController.m; sourceTree = "<group>"; };
		6F65464922BF878F002241F8 /* FirstViewController.h */ = {isa = PBXFileReference; lastKnownFileType = sourcecode.c.h; path = FirstViewController.h; sourceTree = "<group>"; };
		6F65464A22BF878F002241F8 /* FirstViewController.m */ = {isa = PBXFileReference; lastKnownFileType = sourcecode.c.objc; path = FirstViewController.m; sourceTree = "<group>"; };
		6F65464B22BF878F002241F8 /* FirstViewController.xib */ = {isa = PBXFileReference; lastKnownFileType = file.xib; path = FirstViewController.xib; sourceTree = "<group>"; };
		6F65464E22BF8B45002241F8 /* SecondTableViewController.h */ = {isa = PBXFileReference; lastKnownFileType = sourcecode.c.h; path = SecondTableViewController.h; sourceTree = "<group>"; };
		6F65464F22BF8B45002241F8 /* SecondTableViewController.m */ = {isa = PBXFileReference; lastKnownFileType = sourcecode.c.objc; path = SecondTableViewController.m; sourceTree = "<group>"; };
		6F65465022BF8B45002241F8 /* SecondTableViewController.xib */ = {isa = PBXFileReference; lastKnownFileType = file.xib; path = SecondTableViewController.xib; sourceTree = "<group>"; };
		6F65465322BF8B7B002241F8 /* ThirdViewController.h */ = {isa = PBXFileReference; lastKnownFileType = sourcecode.c.h; path = ThirdViewController.h; sourceTree = "<group>"; };
		6F65465422BF8B7B002241F8 /* ThirdViewController.m */ = {isa = PBXFileReference; lastKnownFileType = sourcecode.c.objc; path = ThirdViewController.m; sourceTree = "<group>"; };
		6F65465522BF8B7B002241F8 /* ThirdViewController.xib */ = {isa = PBXFileReference; lastKnownFileType = file.xib; path = ThirdViewController.xib; sourceTree = "<group>"; };
/* End PBXFileReference section */

/* Begin PBXFrameworksBuildPhase section */
		6F65462022BE15EA002241F8 /* Frameworks */ = {
			isa = PBXFrameworksBuildPhase;
			buildActionMask = 2147483647;
			files = (
			);
			runOnlyForDeploymentPostprocessing = 0;
		};
/* End PBXFrameworksBuildPhase section */

/* Begin PBXGroup section */
		6F65461A22BE15EA002241F8 = {
			isa = PBXGroup;
			children = (
				6F65462522BE15EA002241F8 /* NewProject */,
				6F65462422BE15EA002241F8 /* Products */,
			);
			sourceTree = "<group>";
		};
		6F65462422BE15EA002241F8 /* Products */ = {
			isa = PBXGroup;
			children = (
				6F65462322BE15EA002241F8 /* NewProject.app */,
			);
			name = Products;
			sourceTree = "<group>";
		};
		6F65462522BE15EA002241F8 /* NewProject */ = {
			isa = PBXGroup;
			children = (
				6F65464122BF8661002241F8 /* ZWTabViewController.h */,
				6F65464222BF8661002241F8 /* ZWTabViewController.m */,
				6F65464322BF8661002241F8 /* ZWTabViewController.xib */,
				6F65464622BF872C002241F8 /* ZWNavViewController.h */,
				6F65464722BF872C002241F8 /* ZWNavViewController.m */,
				6F65464922BF878F002241F8 /* FirstViewController.h */,
				6F65464A22BF878F002241F8 /* FirstViewController.m */,
				6F65464B22BF878F002241F8 /* FirstViewController.xib */,
				6F65464E22BF8B45002241F8 /* SecondTableViewController.h */,
				6F65464F22BF8B45002241F8 /* SecondTableViewController.m */,
				6F65465022BF8B45002241F8 /* SecondTableViewController.xib */,
				6F65465322BF8B7B002241F8 /* ThirdViewController.h */,
				6F65465422BF8B7B002241F8 /* ThirdViewController.m */,
				6F65465522BF8B7B002241F8 /* ThirdViewController.xib */,
				6F65462622BE15EA002241F8 /* AppDelegate.h */,
				6F65462722BE15EA002241F8 /* AppDelegate.m */,
				6F65462F22BE15EB002241F8 /* Assets.xcassets */,
				6F65463122BE15EB002241F8 /* LaunchScreen.storyboard */,
				6F65463422BE15EB002241F8 /* Info.plist */,
				6F65463522BE15EB002241F8 /* main.m */,
			);
			path = NewProject;
			sourceTree = "<group>";
		};
/* End PBXGroup section */

/* Begin PBXNativeTarget section */
		6F65462222BE15EA002241F8 /* NewProject */ = {
			isa = PBXNativeTarget;
			buildConfigurationList = 6F65463922BE15EB002241F8 /* Build configuration list for PBXNativeTarget "NewProject" */;
			buildPhases = (
				6F65461F22BE15EA002241F8 /* Sources */,
				6F65462022BE15EA002241F8 /* Frameworks */,
				6F65462122BE15EA002241F8 /* Resources */,
			);
			buildRules = (
			);
			dependencies = (
			);
			name = NewProject;
			productName = NewProject;
			productReference = 6F65462322BE15EA002241F8 /* NewProject.app */;
			productType = "com.apple.product-type.application";
		};
/* End PBXNativeTarget section */

/* Begin PBXProject section */
		6F65461B22BE15EA002241F8 /* Project object */ = {
			isa = PBXProject;
			attributes = {
				LastUpgradeCheck = 1010;
				ORGANIZATIONNAME = spring;
				TargetAttributes = {
					6F65462222BE15EA002241F8 = {
						CreatedOnToolsVersion = 10.1;
					};
				};
			};
			buildConfigurationList = 6F65461E22BE15EA002241F8 /* Build configuration list for PBXProject "NewProject" */;
			compatibilityVersion = "Xcode 9.3";
			developmentRegion = en;
			hasScannedForEncodings = 0;
			knownRegions = (
				en,
				Base,
			);
			mainGroup = 6F65461A22BE15EA002241F8;
			productRefGroup = 6F65462422BE15EA002241F8 /* Products */;
			projectDirPath = "";
			projectRoot = "";
			targets = (
				6F65462222BE15EA002241F8 /* NewProject */,
			);
		};
/* End PBXProject section */

/* Begin PBXResourcesBuildPhase section */
		6F65462122BE15EA002241F8 /* Resources */ = {
			isa = PBXResourcesBuildPhase;
			buildActionMask = 2147483647;
			files = (
				6F65464522BF8661002241F8 /* ZWTabViewController.xib in Resources */,
				6F65463322BE15EB002241F8 /* LaunchScreen.storyboard in Resources */,
				6F65465722BF8B7B002241F8 /* ThirdViewController.xib in Resources */,
				6F65463022BE15EB002241F8 /* Assets.xcassets in Resources */,
				6F65465222BF8B45002241F8 /* SecondTableViewController.xib in Resources */,
				6F65464D22BF878F002241F8 /* FirstViewController.xib in Resources */,
			);
			runOnlyForDeploymentPostprocessing = 0;
		};
/* End PBXResourcesBuildPhase section */

/* Begin PBXSourcesBuildPhase section */
		6F65461F22BE15EA002241F8 /* Sources */ = {
			isa = PBXSourcesBuildPhase;
			buildActionMask = 2147483647;
			files = (
				6F65463622BE15EB002241F8 /* main.m in Sources */,
				6F65464822BF872C002241F8 /* ZWNavViewController.m in Sources */,
				6F65464C22BF878F002241F8 /* FirstViewController.m in Sources */,
				6F65464422BF8661002241F8 /* ZWTabViewController.m in Sources */,
				6F65462822BE15EA002241F8 /* AppDelegate.m in Sources */,
				6F65465122BF8B45002241F8 /* SecondTableViewController.m in Sources */,
				6F65465622BF8B7B002241F8 /* ThirdViewController.m in Sources */,
			);
			runOnlyForDeploymentPostprocessing = 0;
		};
/* End PBXSourcesBuildPhase section */

/* Begin PBXVariantGroup section */
		6F65463122BE15EB002241F8 /* LaunchScreen.storyboard */ = {
			isa = PBXVariantGroup;
			children = (
				6F65463222BE15EB002241F8 /* Base */,
			);
			name = LaunchScreen.storyboard;
			sourceTree = "<group>";
		};
/* End PBXVariantGroup section */

/* Begin XCBuildConfiguration section */
		6F65463722BE15EB002241F8 /* Debug */ = {
			isa = XCBuildConfiguration;
			buildSettings = {
				ALWAYS_SEARCH_USER_PATHS = NO;
				CLANG_ANALYZER_NONNULL = YES;
				CLANG_ANALYZER_NUMBER_OBJECT_CONVERSION = YES_AGGRESSIVE;
				CLANG_CXX_LANGUAGE_STANDARD = "gnu++14";
				CLANG_CXX_LIBRARY = "libc++";
				CLANG_ENABLE_MODULES = YES;
				CLANG_ENABLE_OBJC_ARC = YES;
				CLANG_ENABLE_OBJC_WEAK = YES;
				CLANG_WARN_BLOCK_CAPTURE_AUTORELEASING = YES;
				CLANG_WARN_BOOL_CONVERSION = YES;
				CLANG_WARN_COMMA = YES;
				CLANG_WARN_CONSTANT_CONVERSION = YES;
				CLANG_WARN_DEPRECATED_OBJC_IMPLEMENTATIONS = YES;
				CLANG_WARN_DIRECT_OBJC_ISA_USAGE = YES_ERROR;
				CLANG_WARN_DOCUMENTATION_COMMENTS = YES;
				CLANG_WARN_EMPTY_BODY = YES;
				CLANG_WARN_ENUM_CONVERSION = YES;
				CLANG_WARN_INFINITE_RECURSION = YES;
				CLANG_WARN_INT_CONVERSION = YES;
				CLANG_WARN_NON_LITERAL_NULL_CONVERSION = YES;
				CLANG_WARN_OBJC_IMPLICIT_RETAIN_SELF = YES;
				CLANG_WARN_OBJC_LITERAL_CONVERSION = YES;
				CLANG_WARN_OBJC_ROOT_CLASS = YES_ERROR;
				CLANG_WARN_RANGE_LOOP_ANALYSIS = YES;
				CLANG_WARN_STRICT_PROTOTYPES = YES;
				CLANG_WARN_SUSPICIOUS_MOVE = YES;
				CLANG_WARN_UNGUARDED_AVAILABILITY = YES_AGGRESSIVE;
				CLANG_WARN_UNREACHABLE_CODE = YES;
				CLANG_WARN__DUPLICATE_METHOD_MATCH = YES;
				CODE_SIGN_IDENTITY = "iPhone Developer";
				COPY_PHASE_STRIP = NO;
				DEBUG_INFORMATION_FORMAT = dwarf;
				ENABLE_STRICT_OBJC_MSGSEND = YES;
				ENABLE_TESTABILITY = YES;
				GCC_C_LANGUAGE_STANDARD = gnu11;
				GCC_DYNAMIC_NO_PIC = NO;
				GCC_NO_COMMON_BLOCKS = YES;
				GCC_OPTIMIZATION_LEVEL = 0;
				GCC_PREPROCESSOR_DEFINITIONS = (
					"DEBUG=1",
					"$(inherited)",
				);
				GCC_WARN_64_TO_32_BIT_CONVERSION = YES;
				GCC_WARN_ABOUT_RETURN_TYPE = YES_ERROR;
				GCC_WARN_UNDECLARED_SELECTOR = YES;
				GCC_WARN_UNINITIALIZED_AUTOS = YES_AGGRESSIVE;
				GCC_WARN_UNUSED_FUNCTION = YES;
				GCC_WARN_UNUSED_VARIABLE = YES;
				IPHONEOS_DEPLOYMENT_TARGET = 12.1;
				MTL_ENABLE_DEBUG_INFO = INCLUDE_SOURCE;
				MTL_FAST_MATH = YES;
				ONLY_ACTIVE_ARCH = YES;
				SDKROOT = iphoneos;
			};
			name = Debug;
		};
		6F65463822BE15EB002241F8 /* Release */ = {
			isa = XCBuildConfiguration;
			buildSettings = {
				ALWAYS_SEARCH_USER_PATHS = NO;
				CLANG_ANALYZER_NONNULL = YES;
				CLANG_ANALYZER_NUMBER_OBJECT_CONVERSION = YES_AGGRESSIVE;
				CLANG_CXX_LANGUAGE_STANDARD = "gnu++14";
				CLANG_CXX_LIBRARY = "libc++";
				CLANG_ENABLE_MODULES = YES;
				CLANG_ENABLE_OBJC_ARC = YES;
				CLANG_ENABLE_OBJC_WEAK = YES;
				CLANG_WARN_BLOCK_CAPTURE_AUTORELEASING = YES;
				CLANG_WARN_BOOL_CONVERSION = YES;
				CLANG_WARN_COMMA = YES;
				CLANG_WARN_CONSTANT_CONVERSION = YES;
				CLANG_WARN_DEPRECATED_OBJC_IMPLEMENTATIONS = YES;
				CLANG_WARN_DIRECT_OBJC_ISA_USAGE = YES_ERROR;
				CLANG_WARN_DOCUMENTATION_COMMENTS = YES;
				CLANG_WARN_EMPTY_BODY = YES;
				CLANG_WARN_ENUM_CONVERSION = YES;
				CLANG_WARN_INFINITE_RECURSION = YES;
				CLANG_WARN_INT_CONVERSION = YES;
				CLANG_WARN_NON_LITERAL_NULL_CONVERSION = YES;
				CLANG_WARN_OBJC_IMPLICIT_RETAIN_SELF = YES;
				CLANG_WARN_OBJC_LITERAL_CONVERSION = YES;
				CLANG_WARN_OBJC_ROOT_CLASS = YES_ERROR;
				CLANG_WARN_RANGE_LOOP_ANALYSIS = YES;
				CLANG_WARN_STRICT_PROTOTYPES = YES;
				CLANG_WARN_SUSPICIOUS_MOVE = YES;
				CLANG_WARN_UNGUARDED_AVAILABILITY = YES_AGGRESSIVE;
				CLANG_WARN_UNREACHABLE_CODE = YES;
				CLANG_WARN__DUPLICATE_METHOD_MATCH = YES;
				CODE_SIGN_IDENTITY = "iPhone Developer";
				COPY_PHASE_STRIP = NO;
				DEBUG_INFORMATION_FORMAT = "dwarf-with-dsym";
				ENABLE_NS_ASSERTIONS = NO;
				ENABLE_STRICT_OBJC_MSGSEND = YES;
				GCC_C_LANGUAGE_STANDARD = gnu11;
				GCC_NO_COMMON_BLOCKS = YES;
				GCC_WARN_64_TO_32_BIT_CONVERSION = YES;
				GCC_WARN_ABOUT_RETURN_TYPE = YES_ERROR;
				GCC_WARN_UNDECLARED_SELECTOR = YES;
				GCC_WARN_UNINITIALIZED_AUTOS = YES_AGGRESSIVE;
				GCC_WARN_UNUSED_FUNCTION = YES;
				GCC_WARN_UNUSED_VARIABLE = YES;
				IPHONEOS_DEPLOYMENT_TARGET = 12.1;
				MTL_ENABLE_DEBUG_INFO = NO;
				MTL_FAST_MATH = YES;
				SDKROOT = iphoneos;
				VALIDATE_PRODUCT = YES;
			};
			name = Release;
		};
		6F65463A22BE15EB002241F8 /* Debug */ = {
			isa = XCBuildConfiguration;
			buildSettings = {
				ASSETCATALOG_COMPILER_APPICON_NAME = AppIcon;
				CODE_SIGN_STYLE = Automatic;
				DEVELOPMENT_TEAM = LNJ4XU6M6Q;
				INFOPLIST_FILE = NewProject/Info.plist;
				LD_RUNPATH_SEARCH_PATHS = (
					"$(inherited)",
					"@executable_path/Frameworks",
				);
				PRODUCT_BUNDLE_IDENTIFIER = com.kiosoft.NewProject;
				PRODUCT_NAME = "$(TARGET_NAME)";
				TARGETED_DEVICE_FAMILY = "1,2";
			};
			name = Debug;
		};
		6F65463B22BE15EB002241F8 /* Release */ = {
			isa = XCBuildConfiguration;
			buildSettings = {
				ASSETCATALOG_COMPILER_APPICON_NAME = AppIcon;
				CODE_SIGN_STYLE = Automatic;
				DEVELOPMENT_TEAM = LNJ4XU6M6Q;
				INFOPLIST_FILE = NewProject/Info.plist;
				LD_RUNPATH_SEARCH_PATHS = (
					"$(inherited)",
					"@executable_path/Frameworks",
				);
				PRODUCT_BUNDLE_IDENTIFIER = com.kiosoft.NewProject;
				PRODUCT_NAME = "$(TARGET_NAME)";
				TARGETED_DEVICE_FAMILY = "1,2";
			};
			name = Release;
		};
/* End XCBuildConfiguration section */

/* Begin XCConfigurationList section */
		6F65461E22BE15EA002241F8 /* Build configuration list for PBXProject "NewProject" */ = {
			isa = XCConfigurationList;
			buildConfigurations = (
				6F65463722BE15EB002241F8 /* Debug */,
				6F65463822BE15EB002241F8 /* Release */,
			);
			defaultConfigurationIsVisible = 0;
			defaultConfigurationName = Release;
		};
		6F65463922BE15EB002241F8 /* Build configuration list for PBXNativeTarget "NewProject" */ = {
			isa = XCConfigurationList;
			buildConfigurations = (
				6F65463A22BE15EB002241F8 /* Debug */,
				6F65463B22BE15EB002241F8 /* Release */,
			);
			defaultConfigurationIsVisible = 0;
			defaultConfigurationName = Release;
		};
/* End XCConfigurationList section */
	};
	rootObject = 6F65461B22BE15EA002241F8 /* Project object */;
}
